
Microsoft Visual Studio Solution File, Format Version 12.00
# Visual Studio 14
VisualStudioVersion = 14.0.25420.1
MinimumVisualStudioVersion = 10.0.40219.1
Project("{2150E333-8FDC-42A3-9474-1A3956D46DE8}") = "Parva.Arch", "Parva.Arch", "{F8127B2F-C4D0-41F6-BF4C-F4BC208143CC}"
EndProject
Project("{FAE04EC0-301F-11D3-BF4B-00C04F79EFBC}") = "Parva.Domain", "Parva.Domain\Parva.Domain.csproj", "{94ECBBF5-3814-4721-8D99-A180C3A2BF48}"
EndProject
Project("{FAE04EC0-301F-11D3-BF4B-00C04F79EFBC}") = "Parva.Application", "Parva.Application\Parva.Application.csproj", "{D92DA010-B498-49A5-97D5-3EA21FA8BFFE}"
EndProject
Project("{FAE04EC0-301F-11D3-BF4B-00C04F79EFBC}") = "Parva.Infrastructure", "Parva.Infrastructure\Parva.Infrastructure.csproj", "{8ADB732E-AB4C-435C-A181-F1441C3D9AFC}"
EndProject
Project("{FAE04EC0-301F-11D3-BF4B-00C04F79EFBC}") = "Parva.Utility", "Parva.Utility\Parva.Utility.csproj", "{27D06785-F5B8-4532-9FAB-ACF9E079A8FD}"
EndProject
Project("{2150E333-8FDC-42A3-9474-1A3956D46DE8}") = "BigData", "BigData", "{DD1E4F2D-7EBF-49AB-A3C6-EA0D9E700478}"
EndProject
Project("{FAE04EC0-301F-11D3-BF4B-00C04F79EFBC}") = "BigData.JW", "BigData\BigData.JW\BigData.JW.csproj", "{5B9C333D-B47D-41D2-9BF7-08E1C0D7F192}"
EndProject
Project("{FAE04EC0-301F-11D3-BF4B-00C04F79EFBC}") = "BigData.JW.Startup", "BigData\BigData.JW.Startup\BigData.JW.Startup.csproj", "{7DF21AE7-0282-468D-A37A-804255F49200}"
EndProject
Project("{FAE04EC0-301F-11D3-BF4B-00C04F79EFBC}") = "BigData.JW.WebServcies", "BigData.JW.WebServcies\BigData.JW.WebServcies.csproj", "{5D019F12-8B90-4A0E-A66F-DE8CA9D37EE8}"
EndProject
Global
	GlobalSection(SolutionConfigurationPlatforms) = preSolution
		Debug|Any CPU = Debug|Any CPU
		Release|Any CPU = Release|Any CPU
	EndGlobalSection
	GlobalSection(ProjectConfigurationPlatforms) = postSolution
		{94ECBBF5-3814-4721-8D99-A180C3A2BF48}.Debug|Any CPU.ActiveCfg = Debug|Any CPU
		{94ECBBF5-3814-4721-8D99-A180C3A2BF48}.Debug|Any CPU.Build.0 = Debug|Any CPU
		{94ECBBF5-3814-4721-8D99-A180C3A2BF48}.Release|Any CPU.ActiveCfg = Release|Any CPU
		{94ECBBF5-3814-4721-8D99-A180C3A2BF48}.Release|Any CPU.Build.0 = Release|Any CPU
		{D92DA010-B498-49A5-97D5-3EA21FA8BFFE}.Debug|Any CPU.ActiveCfg = Debug|Any CPU
		{D92DA010-B498-49A5-97D5-3EA21FA8BFFE}.Debug|Any CPU.Build.0 = Debug|Any CPU
		{D92DA010-B498-49A5-97D5-3EA21FA8BFFE}.Release|Any CPU.ActiveCfg = Release|Any CPU
		{D92DA010-B498-49A5-97D5-3EA21FA8BFFE}.Release|Any CPU.Build.0 = Release|Any CPU
		{8ADB732E-AB4C-435C-A181-F1441C3D9AFC}.Debug|Any CPU.ActiveCfg = Debug|Any CPU
		{8ADB732E-AB4C-435C-A181-F1441C3D9AFC}.Debug|Any CPU.Build.0 = Debug|Any CPU
		{8ADB732E-AB4C-435C-A181-F1441C3D9AFC}.Release|Any CPU.ActiveCfg = Release|Any CPU
		{8ADB732E-AB4C-435C-A181-F1441C3D9AFC}.Release|Any CPU.Build.0 = Release|Any CPU
		{27D06785-F5B8-4532-9FAB-ACF9E079A8FD}.Debug|Any CPU.ActiveCfg = Debug|Any CPU
		{27D06785-F5B8-4532-9FAB-ACF9E079A8FD}.Debug|Any CPU.Build.0 = Debug|Any CPU
		{27D06785-F5B8-4532-9FAB-ACF9E079A8FD}.Release|Any CPU.ActiveCfg = Release|Any CPU
		{27D06785-F5B8-4532-9FAB-ACF9E079A8FD}.Release|Any CPU.Build.0 = Release|Any CPU
		{5B9C333D-B47D-41D2-9BF7-08E1C0D7F192}.Debug|Any CPU.ActiveCfg = Debug|Any CPU
		{5B9C333D-B47D-41D2-9BF7-08E1C0D7F192}.Debug|Any CPU.Build.0 = Debug|Any CPU
		{5B9C333D-B47D-41D2-9BF7-08E1C0D7F192}.Release|Any CPU.ActiveCfg = Release|Any CPU
		{5B9C333D-B47D-41D2-9BF7-08E1C0D7F192}.Release|Any CPU.Build.0 = Release|Any CPU
		{7DF21AE7-0282-468D-A37A-804255F49200}.Debug|Any CPU.ActiveCfg = Debug|Any CPU
		{7DF21AE7-0282-468D-A37A-804255F49200}.Debug|Any CPU.Build.0 = Debug|Any CPU
		{7DF21AE7-0282-468D-A37A-804255F49200}.Release|Any CPU.ActiveCfg = Release|Any CPU
		{7DF21AE7-0282-468D-A37A-804255F49200}.Release|Any CPU.Build.0 = Release|Any CPU
		{5D019F12-8B90-4A0E-A66F-DE8CA9D37EE8}.Debug|Any CPU.ActiveCfg = Debug|Any CPU
		{5D019F12-8B90-4A0E-A66F-DE8CA9D37EE8}.Debug|Any CPU.Build.0 = Debug|Any CPU
		{5D019F12-8B90-4A0E-A66F-DE8CA9D37EE8}.Release|Any CPU.ActiveCfg = Release|Any CPU
		{5D019F12-8B90-4A0E-A66F-DE8CA9D37EE8}.Release|Any CPU.Build.0 = Release|Any CPU
	EndGlobalSection
	GlobalSection(SolutionProperties) = preSolution
		HideSolutionNode = FALSE
	EndGlobalSection
	GlobalSection(NestedProjects) = preSolution
		{94ECBBF5-3814-4721-8D99-A180C3A2BF48} = {F8127B2F-C4D0-41F6-BF4C-F4BC208143CC}
		{D92DA010-B498-49A5-97D5-3EA21FA8BFFE} = {F8127B2F-C4D0-41F6-BF4C-F4BC208143CC}
		{8ADB732E-AB4C-435C-A181-F1441C3D9AFC} = {F8127B2F-C4D0-41F6-BF4C-F4BC208143CC}
		{27D06785-F5B8-4532-9FAB-ACF9E079A8FD} = {F8127B2F-C4D0-41F6-BF4C-F4BC208143CC}
		{5B9C333D-B47D-41D2-9BF7-08E1C0D7F192} = {DD1E4F2D-7EBF-49AB-A3C6-EA0D9E700478}
		{7DF21AE7-0282-468D-A37A-804255F49200} = {DD1E4F2D-7EBF-49AB-A3C6-EA0D9E700478}
		{5D019F12-8B90-4A0E-A66F-DE8CA9D37EE8} = {DD1E4F2D-7EBF-49AB-A3C6-EA0D9E700478}
	EndGlobalSection
EndGlobal
